{
  "nodes": {
    "nixpkgs": {
      "locked": {
        "lastModified": 1790861130,
        "narHash": "sha256-cA8TrQntLbNO14wivJx7Gi2pZBhhBcMplgzIA3sk3TA=",
        "owner": "nixos",
        "repo": "nixpkgs",
        "rev": "3d23ea05a8a3be3f078845c2753af10cef80e1a5",
        "type": "github"
      },
      "original": {
        "owner": "nixos",
        "repo": "nixpkgs",
        "type": "github"
      }
    },
    "root": {
      "inputs": {
        "nixpkgs": "nixpkgs"
      }
    }
  },
  "root": "root",
  "version": 7
}
