{
  "nodes": {
    "nixpkgs": {
      "locked": {
        "lastModified": 1789563672,
        "narHash": "sha256-05W7P4/pqgpliOA/HyZM6IkKd6ojI8L5X/x9tgthckI=",
        "owner": "NixOS",
        "repo": "nixpkgs",
        "rev": "88142f2dc8f2727eec89047694ec8000f92ce542",
        "type": "github"
      },
      "original": {
        "owner": "nixos",
        "repo": "nixpkgs",
        "type": "github"
      }
    },
    "root": {
      "inputs": {
        "nixpkgs": "nixpkgs"
      }
    }
  },
  "root": "root",
  "version": 7
}
