{
  "nodes": {
    "nixpkgs": {
      "locked": {
        "lastModified": 1780218263,
        "narHash": "sha256-T/f0pPDrH3Qc1VXyQXbK7yfHWRn90l3xwplc/nsxin4=",
        "owner": "NixOS",
        "repo": "nixpkgs",
        "rev": "7fc393d1b46fa000d48ff14e8b6a3c9985f03af0",
        "type": "github"
      },
      "original": {
        "owner": "nixos",
        "repo": "nixpkgs",
        "type": "github"
      }
    },
    "root": {
      "inputs": {
        "nixpkgs": "nixpkgs"
      }
    }
  },
  "root": "root",
  "version": 7
}
